// !$*UTF8*$!
{
	archiveVersion = 1;
	classes = {
	};
	objectVersion = 55;
	objects = {

/* Begin PBXBuildFile section */
		0434132E29503EBB009B8E3D /* ShoppingApp.swift in Sources */ = {isa = PBXBuildFile; fileRef = 0434132D29503EBB009B8E3D /* ShoppingApp.swift */; };
		0434133029503EBB009B8E3D /* ContentView.swift in Sources */ = {isa = PBXBuildFile; fileRef = 0434132F29503EBB009B8E3D /* ContentView.swift */; };
		0434133229503EBC009B8E3D /* Assets.xcassets in Resources */ = {isa = PBXBuildFile; fileRef = 0434133129503EBC009B8E3D /* Assets.xcassets */; };
		0434133529503EBC009B8E3D /* Preview Assets.xcassets in Resources */ = {isa = PBXBuildFile; fileRef = 0434133429503EBC009B8E3D /* Preview Assets.xcassets */; };
		04AE8844295043B5009AD06C /* Color+.swift in Sources */ = {isa = PBXBuildFile; fileRef = 04AE8843295043B5009AD06C /* Color+.swift */; };
		04AE8847295043FA009AD06C /* NetworkingManager.swift in Sources */ = {isa = PBXBuildFile; fileRef = 04AE8846295043FA009AD06C /* NetworkingManager.swift */; };
		04AE88492950442C009AD06C /* CartDataService.swift in Sources */ = {isa = PBXBuildFile; fileRef = 04AE88482950442C009AD06C /* CartDataService.swift */; };
		04AE884B29504446009AD06C /* HomeDataService.swift in Sources */ = {isa = PBXBuildFile; fileRef = 04AE884A29504446009AD06C /* HomeDataService.swift */; };
		04AE884D29504468009AD06C /* ProductDetailsDataService.swift in Sources */ = {isa = PBXBuildFile; fileRef = 04AE884C29504468009AD06C /* ProductDetailsDataService.swift */; };
		04AE8851295044B4009AD06C /* CartItemModel.swift in Sources */ = {isa = PBXBuildFile; fileRef = 04AE8850295044B4009AD06C /* CartItemModel.swift */; };
		04AE8853295044DB009AD06C /* CartModel.swift in Sources */ = {isa = PBXBuildFile; fileRef = 04AE8852295044DB009AD06C /* CartModel.swift */; };
		04AE8855295044FB009AD06C /* HomeStoreModel.swift in Sources */ = {isa = PBXBuildFile; fileRef = 04AE8854295044FB009AD06C /* HomeStoreModel.swift */; };
		04AE885729504518009AD06C /* BestSellerModel.swift in Sources */ = {isa = PBXBuildFile; fileRef = 04AE885629504518009AD06C /* BestSellerModel.swift */; };
		04AE885929504537009AD06C /* HomeModel.swift in Sources */ = {isa = PBXBuildFile; fileRef = 04AE885829504537009AD06C /* HomeModel.swift */; };
		04AE885B29504554009AD06C /* ProductDetailsModel.swift in Sources */ = {isa = PBXBuildFile; fileRef = 04AE885A29504554009AD06C /* ProductDetailsModel.swift */; };
		04AE885E29504589009AD06C /* CartViewModel.swift in Sources */ = {isa = PBXBuildFile; fileRef = 04AE885D29504589009AD06C /* CartViewModel.swift */; };
		04AE8860295045A9009AD06C /* HomeViewModel.swift in Sources */ = {isa = PBXBuildFile; fileRef = 04AE885F295045A9009AD06C /* HomeViewModel.swift */; };
		04AE8862295045C8009AD06C /* ProductDetailsViewModel.swift in Sources */ = {isa = PBXBuildFile; fileRef = 04AE8861295045C8009AD06C /* ProductDetailsViewModel.swift */; };
		04AE886529504644009AD06C /* BackButton.swift in Sources */ = {isa = PBXBuildFile; fileRef = 04AE886429504644009AD06C /* BackButton.swift */; };
		04AE886B2950467C009AD06C /* Mark-Pro-Medium.ttf in Resources */ = {isa = PBXBuildFile; fileRef = 04AE88672950467C009AD06C /* Mark-Pro-Medium.ttf */; };
		04AE886C2950467C009AD06C /* Mark-Pro-Bold.ttf in Resources */ = {isa = PBXBuildFile; fileRef = 04AE88682950467C009AD06C /* Mark-Pro-Bold.ttf */; };
		04AE886D2950467C009AD06C /* Mark-Pro.ttf in Resources */ = {isa = PBXBuildFile; fileRef = 04AE88692950467C009AD06C /* Mark-Pro.ttf */; };
		04AE886E2950467C009AD06C /* Mark-Pro-Heavy.ttf in Resources */ = {isa = PBXBuildFile; fileRef = 04AE886A2950467C009AD06C /* Mark-Pro-Heavy.ttf */; };
		04AE8870295046A3009AD06C /* RegularText.swift in Sources */ = {isa = PBXBuildFile; fileRef = 04AE886F295046A3009AD06C /* RegularText.swift */; };
		04AE8872295046D3009AD06C /* MediumText.swift in Sources */ = {isa = PBXBuildFile; fileRef = 04AE8871295046D3009AD06C /* MediumText.swift */; };
		04AE8874295046EC009AD06C /* BoldText.swift in Sources */ = {isa = PBXBuildFile; fileRef = 04AE8873295046EC009AD06C /* BoldText.swift */; };
		04AE88762950470B009AD06C /* HeavyText.swift in Sources */ = {isa = PBXBuildFile; fileRef = 04AE88752950470B009AD06C /* HeavyText.swift */; };
		04AE887929504736009AD06C /* CarouselView.swift in Sources */ = {isa = PBXBuildFile; fileRef = 04AE887829504736009AD06C /* CarouselView.swift */; };
		04AE887B2950475A009AD06C /* SearchBarView.swift in Sources */ = {isa = PBXBuildFile; fileRef = 04AE887A2950475A009AD06C /* SearchBarView.swift */; };
		04AE887E295047CD009AD06C /* HomeView.swift in Sources */ = {isa = PBXBuildFile; fileRef = 04AE887D295047CD009AD06C /* HomeView.swift */; };
		04AE888029504811009AD06C /* DetailsView.swift in Sources */ = {isa = PBXBuildFile; fileRef = 04AE887F29504811009AD06C /* DetailsView.swift */; };
		04AE888229504847009AD06C /* DetailsCardView.swift in Sources */ = {isa = PBXBuildFile; fileRef = 04AE888129504847009AD06C /* DetailsCardView.swift */; };
		04AE888429504867009AD06C /* CartView.swift in Sources */ = {isa = PBXBuildFile; fileRef = 04AE888329504867009AD06C /* CartView.swift */; };
		04AE8886295049B9009AD06C /* DownloadableImageView.swift in Sources */ = {isa = PBXBuildFile; fileRef = 04AE8885295049B9009AD06C /* DownloadableImageView.swift */; };
/* End PBXBuildFile section */

/* Begin PBXFileReference section */
		0434132A29503EBB009B8E3D /* Shopping.app */ = {isa = PBXFileReference; explicitFileType = wrapper.application; includeInIndex = 0; path = Shopping.app; sourceTree = BUILT_PRODUCTS_DIR; };
		0434132D29503EBB009B8E3D /* ShoppingApp.swift */ = {isa = PBXFileReference; lastKnownFileType = sourcecode.swift; path = ShoppingApp.swift; sourceTree = "<group>"; };
		0434132F29503EBB009B8E3D /* ContentView.swift */ = {isa = PBXFileReference; lastKnownFileType = sourcecode.swift; path = ContentView.swift; sourceTree = "<group>"; };
		0434133129503EBC009B8E3D /* Assets.xcassets */ = {isa = PBXFileReference; lastKnownFileType = folder.assetcatalog; path = Assets.xcassets; sourceTree = "<group>"; };
		0434133429503EBC009B8E3D /* Preview Assets.xcassets */ = {isa = PBXFileReference; lastKnownFileType = folder.assetcatalog; path = "Preview Assets.xcassets"; sourceTree = "<group>"; };
		04AE8843295043B5009AD06C /* Color+.swift */ = {isa = PBXFileReference; lastKnownFileType = sourcecode.swift; path = "Color+.swift"; sourceTree = "<group>"; };
		04AE8846295043FA009AD06C /* NetworkingManager.swift */ = {isa = PBXFileReference; lastKnownFileType = sourcecode.swift; path = NetworkingManager.swift; sourceTree = "<group>"; };
		04AE88482950442C009AD06C /* CartDataService.swift */ = {isa = PBXFileReference; lastKnownFileType = sourcecode.swift; path = CartDataService.swift; sourceTree = "<group>"; };
		04AE884A29504446009AD06C /* HomeDataService.swift */ = {isa = PBXFileReference; lastKnownFileType = sourcecode.swift; path = HomeDataService.swift; sourceTree = "<group>"; };
		04AE884C29504468009AD06C /* ProductDetailsDataService.swift */ = {isa = PBXFileReference; lastKnownFileType = sourcecode.swift; path = ProductDetailsDataService.swift; sourceTree = "<group>"; };
		04AE8850295044B4009AD06C /* CartItemModel.swift */ = {isa = PBXFileReference; lastKnownFileType = sourcecode.swift; path = CartItemModel.swift; sourceTree = "<group>"; };
		04AE8852295044DB009AD06C /* CartModel.swift */ = {isa = PBXFileReference; lastKnownFileType = sourcecode.swift; path = CartModel.swift; sourceTree = "<group>"; };
		04AE8854295044FB009AD06C /* HomeStoreModel.swift */ = {isa = PBXFileReference; lastKnownFileType = sourcecode.swift; path = HomeStoreModel.swift; sourceTree = "<group>"; };
		04AE885629504518009AD06C /* BestSellerModel.swift */ = {isa = PBXFileReference; lastKnownFileType = sourcecode.swift; path = BestSellerModel.swift; sourceTree = "<group>"; };
		04AE885829504537009AD06C /* HomeModel.swift */ = {isa = PBXFileReference; lastKnownFileType = sourcecode.swift; path = HomeModel.swift; sourceTree = "<group>"; };
		04AE885A29504554009AD06C /* ProductDetailsModel.swift */ = {isa = PBXFileReference; lastKnownFileType = sourcecode.swift; path = ProductDetailsModel.swift; sourceTree = "<group>"; };
		04AE885D29504589009AD06C /* CartViewModel.swift */ = {isa = PBXFileReference; lastKnownFileType = sourcecode.swift; path = CartViewModel.swift; sourceTree = "<group>"; };
		04AE885F295045A9009AD06C /* HomeViewModel.swift */ = {isa = PBXFileReference; lastKnownFileType = sourcecode.swift; path = HomeViewModel.swift; sourceTree = "<group>"; };
		04AE8861295045C8009AD06C /* ProductDetailsViewModel.swift */ = {isa = PBXFileReference; lastKnownFileType = sourcecode.swift; path = ProductDetailsViewModel.swift; sourceTree = "<group>"; };
		04AE886429504644009AD06C /* BackButton.swift */ = {isa = PBXFileReference; lastKnownFileType = sourcecode.swift; path = BackButton.swift; sourceTree = "<group>"; };
		04AE88672950467C009AD06C /* Mark-Pro-Medium.ttf */ = {isa = PBXFileReference; lastKnownFileType = file; path = "Mark-Pro-Medium.ttf"; sourceTree = "<group>"; };
		04AE88682950467C009AD06C /* Mark-Pro-Bold.ttf */ = {isa = PBXFileReference; lastKnownFileType = file; path = "Mark-Pro-Bold.ttf"; sourceTree = "<group>"; };
		04AE88692950467C009AD06C /* Mark-Pro.ttf */ = {isa = PBXFileReference; lastKnownFileType = file; path = "Mark-Pro.ttf"; sourceTree = "<group>"; };
		04AE886A2950467C009AD06C /* Mark-Pro-Heavy.ttf */ = {isa = PBXFileReference; lastKnownFileType = file; path = "Mark-Pro-Heavy.ttf"; sourceTree = "<group>"; };
		04AE886F295046A3009AD06C /* RegularText.swift */ = {isa = PBXFileReference; lastKnownFileType = sourcecode.swift; path = RegularText.swift; sourceTree = "<group>"; };
		04AE8871295046D3009AD06C /* MediumText.swift */ = {isa = PBXFileReference; lastKnownFileType = sourcecode.swift; path = MediumText.swift; sourceTree = "<group>"; };
		04AE8873295046EC009AD06C /* BoldText.swift */ = {isa = PBXFileReference; lastKnownFileType = sourcecode.swift; path = BoldText.swift; sourceTree = "<group>"; };
		04AE88752950470B009AD06C /* HeavyText.swift */ = {isa = PBXFileReference; lastKnownFileType = sourcecode.swift; path = HeavyText.swift; sourceTree = "<group>"; };
		04AE887829504736009AD06C /* CarouselView.swift */ = {isa = PBXFileReference; lastKnownFileType = sourcecode.swift; path = CarouselView.swift; sourceTree = "<group>"; };
		04AE887A2950475A009AD06C /* SearchBarView.swift */ = {isa = PBXFileReference; lastKnownFileType = sourcecode.swift; path = SearchBarView.swift; sourceTree = "<group>"; };
		04AE887D295047CD009AD06C /* HomeView.swift */ = {isa = PBXFileReference; lastKnownFileType = sourcecode.swift; path = HomeView.swift; sourceTree = "<group>"; };
		04AE887F29504811009AD06C /* DetailsView.swift */ = {isa = PBXFileReference; lastKnownFileType = sourcecode.swift; path = DetailsView.swift; sourceTree = "<group>"; };
		04AE888129504847009AD06C /* DetailsCardView.swift */ = {isa = PBXFileReference; lastKnownFileType = sourcecode.swift; path = DetailsCardView.swift; sourceTree = "<group>"; };
		04AE888329504867009AD06C /* CartView.swift */ = {isa = PBXFileReference; lastKnownFileType = sourcecode.swift; path = CartView.swift; sourceTree = "<group>"; };
		04AE8885295049B9009AD06C /* DownloadableImageView.swift */ = {isa = PBXFileReference; lastKnownFileType = sourcecode.swift; path = DownloadableImageView.swift; sourceTree = "<group>"; };
/* End PBXFileReference section */

/* Begin PBXFrameworksBuildPhase section */
		0434132729503EBB009B8E3D /* Frameworks */ = {
			isa = PBXFrameworksBuildPhase;
			buildActionMask = 2147483647;
			files = (
			);
			runOnlyForDeploymentPostprocessing = 0;
		};
/* End PBXFrameworksBuildPhase section */

/* Begin PBXGroup section */
		0434132129503EBB009B8E3D = {
			isa = PBXGroup;
			children = (
				0434132C29503EBB009B8E3D /* Shopping */,
				0434132B29503EBB009B8E3D /* Products */,
			);
			sourceTree = "<group>";
		};
		0434132B29503EBB009B8E3D /* Products */ = {
			isa = PBXGroup;
			children = (
				0434132A29503EBB009B8E3D /* Shopping.app */,
			);
			name = Products;
			sourceTree = "<group>";
		};
		0434132C29503EBB009B8E3D /* Shopping */ = {
			isa = PBXGroup;
			children = (
				04AE887C295047BE009AD06C /* Views */,
				04AE887729504716009AD06C /* Components */,
				04AE886629504664009AD06C /* Fonts */,
				04AE886329504632009AD06C /* UI */,
				04AE885C2950456C009AD06C /* ViewModels */,
				04AE884F2950449D009AD06C /* Models */,
				04AE8845295043E2009AD06C /* Services */,
				04AE8842295043A2009AD06C /* Extensions */,
				0434132D29503EBB009B8E3D /* ShoppingApp.swift */,
				0434132F29503EBB009B8E3D /* ContentView.swift */,
				0434133129503EBC009B8E3D /* Assets.xcassets */,
				0434133329503EBC009B8E3D /* Preview Content */,
			);
			path = Shopping;
			sourceTree = "<group>";
		};
		0434133329503EBC009B8E3D /* Preview Content */ = {
			isa = PBXGroup;
			children = (
				0434133429503EBC009B8E3D /* Preview Assets.xcassets */,
			);
			path = "Preview Content";
			sourceTree = "<group>";
		};
		04AE8842295043A2009AD06C /* Extensions */ = {
			isa = PBXGroup;
			children = (
				04AE8843295043B5009AD06C /* Color+.swift */,
			);
			path = Extensions;
			sourceTree = "<group>";
		};
		04AE8845295043E2009AD06C /* Services */ = {
			isa = PBXGroup;
			children = (
				04AE8846295043FA009AD06C /* NetworkingManager.swift */,
				04AE88482950442C009AD06C /* CartDataService.swift */,
				04AE884A29504446009AD06C /* HomeDataService.swift */,
				04AE884C29504468009AD06C /* ProductDetailsDataService.swift */,
			);
			path = Services;
			sourceTree = "<group>";
		};
		04AE884F2950449D009AD06C /* Models */ = {
			isa = PBXGroup;
			children = (
				04AE8850295044B4009AD06C /* CartItemModel.swift */,
				04AE8852295044DB009AD06C /* CartModel.swift */,
				04AE8854295044FB009AD06C /* HomeStoreModel.swift */,
				04AE885629504518009AD06C /* BestSellerModel.swift */,
				04AE885829504537009AD06C /* HomeModel.swift */,
				04AE885A29504554009AD06C /* ProductDetailsModel.swift */,
			);
			path = Models;
			sourceTree = "<group>";
		};
		04AE885C2950456C009AD06C /* ViewModels */ = {
			isa = PBXGroup;
			children = (
				04AE885D29504589009AD06C /* CartViewModel.swift */,
				04AE885F295045A9009AD06C /* HomeViewModel.swift */,
				04AE8861295045C8009AD06C /* ProductDetailsViewModel.swift */,
			);
			path = ViewModels;
			sourceTree = "<group>";
		};
		04AE886329504632009AD06C /* UI */ = {
			isa = PBXGroup;
			children = (
				04AE886429504644009AD06C /* BackButton.swift */,
				04AE886F295046A3009AD06C /* RegularText.swift */,
				04AE8871295046D3009AD06C /* MediumText.swift */,
				04AE8873295046EC009AD06C /* BoldText.swift */,
				04AE88752950470B009AD06C /* HeavyText.swift */,
			);
			path = UI;
			sourceTree = "<group>";
		};
		04AE886629504664009AD06C /* Fonts */ = {
			isa = PBXGroup;
			children = (
				04AE88682950467C009AD06C /* Mark-Pro-Bold.ttf */,
				04AE886A2950467C009AD06C /* Mark-Pro-Heavy.ttf */,
				04AE88672950467C009AD06C /* Mark-Pro-Medium.ttf */,
				04AE88692950467C009AD06C /* Mark-Pro.ttf */,
			);
			path = Fonts;
			sourceTree = "<group>";
		};
		04AE887729504716009AD06C /* Components */ = {
			isa = PBXGroup;
			children = (
				04AE887829504736009AD06C /* CarouselView.swift */,
				04AE887A2950475A009AD06C /* SearchBarView.swift */,
				04AE8885295049B9009AD06C /* DownloadableImageView.swift */,
			);
			path = Components;
			sourceTree = "<group>";
		};
		04AE887C295047BE009AD06C /* Views */ = {
			isa = PBXGroup;
			children = (
				04AE887D295047CD009AD06C /* HomeView.swift */,
				04AE887F29504811009AD06C /* DetailsView.swift */,
				04AE888129504847009AD06C /* DetailsCardView.swift */,
				04AE888329504867009AD06C /* CartView.swift */,
			);
			path = Views;
			sourceTree = "<group>";
		};
/* End PBXGroup section */

/* Begin PBXNativeTarget section */
		0434132929503EBB009B8E3D /* Shopping */ = {
			isa = PBXNativeTarget;
			buildConfigurationList = 0434133829503EBC009B8E3D /* Build configuration list for PBXNativeTarget "Shopping" */;
			buildPhases = (
				0434132629503EBB009B8E3D /* Sources */,
				0434132729503EBB009B8E3D /* Frameworks */,
				0434132829503EBB009B8E3D /* Resources */,
			);
			buildRules = (
			);
			dependencies = (
			);
			name = Shopping;
			productName = Shopping;
			productReference = 0434132A29503EBB009B8E3D /* Shopping.app */;
			productType = "com.apple.product-type.application";
		};
/* End PBXNativeTarget section */

/* Begin PBXProject section */
		0434132229503EBB009B8E3D /* Project object */ = {
			isa = PBXProject;
			attributes = {
				BuildIndependentTargetsInParallel = 1;
				LastSwiftUpdateCheck = 1320;
				LastUpgradeCheck = 1320;
				TargetAttributes = {
					0434132929503EBB009B8E3D = {
						CreatedOnToolsVersion = 13.2.1;
					};
				};
			};
			buildConfigurationList = 0434132529503EBB009B8E3D /* Build configuration list for PBXProject "Shopping" */;
			compatibilityVersion = "Xcode 13.0";
			developmentRegion = en;
			hasScannedForEncodings = 0;
			knownRegions = (
				en,
				Base,
			);
			mainGroup = 0434132129503EBB009B8E3D;
			productRefGroup = 0434132B29503EBB009B8E3D /* Products */;
			projectDirPath = "";
			projectRoot = "";
			targets = (
				0434132929503EBB009B8E3D /* Shopping */,
			);
		};
/* End PBXProject section */

/* Begin PBXResourcesBuildPhase section */
		0434132829503EBB009B8E3D /* Resources */ = {
			isa = PBXResourcesBuildPhase;
			buildActionMask = 2147483647;
			files = (
				04AE886C2950467C009AD06C /* Mark-Pro-Bold.ttf in Resources */,
				04AE886E2950467C009AD06C /* Mark-Pro-Heavy.ttf in Resources */,
				0434133529503EBC009B8E3D /* Preview Assets.xcassets in Resources */,
				04AE886D2950467C009AD06C /* Mark-Pro.ttf in Resources */,
				04AE886B2950467C009AD06C /* Mark-Pro-Medium.ttf in Resources */,
				0434133229503EBC009B8E3D /* Assets.xcassets in Resources */,
			);
			runOnlyForDeploymentPostprocessing = 0;
		};
/* End PBXResourcesBuildPhase section */

/* Begin PBXSourcesBuildPhase section */
		0434132629503EBB009B8E3D /* Sources */ = {
			isa = PBXSourcesBuildPhase;
			buildActionMask = 2147483647;
			files = (
				04AE88762950470B009AD06C /* HeavyText.swift in Sources */,
				04AE8853295044DB009AD06C /* CartModel.swift in Sources */,
				04AE887929504736009AD06C /* CarouselView.swift in Sources */,
				04AE8851295044B4009AD06C /* CartItemModel.swift in Sources */,
				04AE885E29504589009AD06C /* CartViewModel.swift in Sources */,
				04AE885B29504554009AD06C /* ProductDetailsModel.swift in Sources */,
				04AE887B2950475A009AD06C /* SearchBarView.swift in Sources */,
				04AE8872295046D3009AD06C /* MediumText.swift in Sources */,
				0434133029503EBB009B8E3D /* ContentView.swift in Sources */,
				04AE888429504867009AD06C /* CartView.swift in Sources */,
				04AE884D29504468009AD06C /* ProductDetailsDataService.swift in Sources */,
				04AE886529504644009AD06C /* BackButton.swift in Sources */,
				04AE888029504811009AD06C /* DetailsView.swift in Sources */,
				04AE8847295043FA009AD06C /* NetworkingManager.swift in Sources */,
				04AE884B29504446009AD06C /* HomeDataService.swift in Sources */,
				04AE885729504518009AD06C /* BestSellerModel.swift in Sources */,
				04AE888229504847009AD06C /* DetailsCardView.swift in Sources */,
				04AE8855295044FB009AD06C /* HomeStoreModel.swift in Sources */,
				04AE885929504537009AD06C /* HomeModel.swift in Sources */,
				04AE8862295045C8009AD06C /* ProductDetailsViewModel.swift in Sources */,
				04AE88492950442C009AD06C /* CartDataService.swift in Sources */,
				04AE8844295043B5009AD06C /* Color+.swift in Sources */,
				04AE8870295046A3009AD06C /* RegularText.swift in Sources */,
				04AE8860295045A9009AD06C /* HomeViewModel.swift in Sources */,
				04AE8886295049B9009AD06C /* DownloadableImageView.swift in Sources */,
				04AE887E295047CD009AD06C /* HomeView.swift in Sources */,
				0434132E29503EBB009B8E3D /* ShoppingApp.swift in Sources */,
				04AE8874295046EC009AD06C /* BoldText.swift in Sources */,
			);
			runOnlyForDeploymentPostprocessing = 0;
		};
/* End PBXSourcesBuildPhase section */

/* Begin XCBuildConfiguration section */
		0434133629503EBC009B8E3D /* Debug */ = {
			isa = XCBuildConfiguration;
			buildSettings = {
				ALWAYS_SEARCH_USER_PATHS = NO;
				CLANG_ANALYZER_NONNULL = YES;
				CLANG_ANALYZER_NUMBER_OBJECT_CONVERSION = YES_AGGRESSIVE;
				CLANG_CXX_LANGUAGE_STANDARD = "gnu++17";
				CLANG_CXX_LIBRARY = "libc++";
				CLANG_ENABLE_MODULES = YES;
				CLANG_ENABLE_OBJC_ARC = YES;
				CLANG_ENABLE_OBJC_WEAK = YES;
				CLANG_WARN_BLOCK_CAPTURE_AUTORELEASING = YES;
				CLANG_WARN_BOOL_CONVERSION = YES;
				CLANG_WARN_COMMA = YES;
				CLANG_WARN_CONSTANT_CONVERSION = YES;
				CLANG_WARN_DEPRECATED_OBJC_IMPLEMENTATIONS = YES;
				CLANG_WARN_DIRECT_OBJC_ISA_USAGE = YES_ERROR;
				CLANG_WARN_DOCUMENTATION_COMMENTS = YES;
				CLANG_WARN_EMPTY_BODY = YES;
				CLANG_WARN_ENUM_CONVERSION = YES;
				CLANG_WARN_INFINITE_RECURSION = YES;
				CLANG_WARN_INT_CONVERSION = YES;
				CLANG_WARN_NON_LITERAL_NULL_CONVERSION = YES;
				CLANG_WARN_OBJC_IMPLICIT_RETAIN_SELF = YES;
				CLANG_WARN_OBJC_LITERAL_CONVERSION = YES;
				CLANG_WARN_OBJC_ROOT_CLASS = YES_ERROR;
				CLANG_WARN_QUOTED_INCLUDE_IN_FRAMEWORK_HEADER = YES;
				CLANG_WARN_RANGE_LOOP_ANALYSIS = YES;
				CLANG_WARN_STRICT_PROTOTYPES = YES;
				CLANG_WARN_SUSPICIOUS_MOVE = YES;
				CLANG_WARN_UNGUARDED_AVAILABILITY = YES_AGGRESSIVE;
				CLANG_WARN_UNREACHABLE_CODE = YES;
				CLANG_WARN__DUPLICATE_METHOD_MATCH = YES;
				COPY_PHASE_STRIP = NO;
				DEBUG_INFORMATION_FORMAT = dwarf;
				ENABLE_STRICT_OBJC_MSGSEND = YES;
				ENABLE_TESTABILITY = YES;
				GCC_C_LANGUAGE_STANDARD = gnu11;
				GCC_DYNAMIC_NO_PIC = NO;
				GCC_NO_COMMON_BLOCKS = YES;
				GCC_OPTIMIZATION_LEVEL = 0;
				GCC_PREPROCESSOR_DEFINITIONS = (
					"DEBUG=1",
					"$(inherited)",
				);
				GCC_WARN_64_TO_32_BIT_CONVERSION = YES;
				GCC_WARN_ABOUT_RETURN_TYPE = YES_ERROR;
				GCC_WARN_UNDECLARED_SELECTOR = YES;
				GCC_WARN_UNINITIALIZED_AUTOS = YES_AGGRESSIVE;
				GCC_WARN_UNUSED_FUNCTION = YES;
				GCC_WARN_UNUSED_VARIABLE = YES;
				IPHONEOS_DEPLOYMENT_TARGET = 15.2;
				MTL_ENABLE_DEBUG_INFO = INCLUDE_SOURCE;
				MTL_FAST_MATH = YES;
				ONLY_ACTIVE_ARCH = YES;
				SDKROOT = iphoneos;
				SWIFT_ACTIVE_COMPILATION_CONDITIONS = DEBUG;
				SWIFT_OPTIMIZATION_LEVEL = "-Onone";
			};
			name = Debug;
		};
		0434133729503EBC009B8E3D /* Release */ = {
			isa = XCBuildConfiguration;
			buildSettings = {
				ALWAYS_SEARCH_USER_PATHS = NO;
				CLANG_ANALYZER_NONNULL = YES;
				CLANG_ANALYZER_NUMBER_OBJECT_CONVERSION = YES_AGGRESSIVE;
				CLANG_CXX_LANGUAGE_STANDARD = "gnu++17";
				CLANG_CXX_LIBRARY = "libc++";
				CLANG_ENABLE_MODULES = YES;
				CLANG_ENABLE_OBJC_ARC = YES;
				CLANG_ENABLE_OBJC_WEAK = YES;
				CLANG_WARN_BLOCK_CAPTURE_AUTORELEASING = YES;
				CLANG_WARN_BOOL_CONVERSION = YES;
				CLANG_WARN_COMMA = YES;
				CLANG_WARN_CONSTANT_CONVERSION = YES;
				CLANG_WARN_DEPRECATED_OBJC_IMPLEMENTATIONS = YES;
				CLANG_WARN_DIRECT_OBJC_ISA_USAGE = YES_ERROR;
				CLANG_WARN_DOCUMENTATION_COMMENTS = YES;
				CLANG_WARN_EMPTY_BODY = YES;
				CLANG_WARN_ENUM_CONVERSION = YES;
				CLANG_WARN_INFINITE_RECURSION = YES;
				CLANG_WARN_INT_CONVERSION = YES;
				CLANG_WARN_NON_LITERAL_NULL_CONVERSION = YES;
				CLANG_WARN_OBJC_IMPLICIT_RETAIN_SELF = YES;
				CLANG_WARN_OBJC_LITERAL_CONVERSION = YES;
				CLANG_WARN_OBJC_ROOT_CLASS = YES_ERROR;
				CLANG_WARN_QUOTED_INCLUDE_IN_FRAMEWORK_HEADER = YES;
				CLANG_WARN_RANGE_LOOP_ANALYSIS = YES;
				CLANG_WARN_STRICT_PROTOTYPES = YES;
				CLANG_WARN_SUSPICIOUS_MOVE = YES;
				CLANG_WARN_UNGUARDED_AVAILABILITY = YES_AGGRESSIVE;
				CLANG_WARN_UNREACHABLE_CODE = YES;
				CLANG_WARN__DUPLICATE_METHOD_MATCH = YES;
				COPY_PHASE_STRIP = NO;
				DEBUG_INFORMATION_FORMAT = "dwarf-with-dsym";
				ENABLE_NS_ASSERTIONS = NO;
				ENABLE_STRICT_OBJC_MSGSEND = YES;
				GCC_C_LANGUAGE_STANDARD = gnu11;
				GCC_NO_COMMON_BLOCKS = YES;
				GCC_WARN_64_TO_32_BIT_CONVERSION = YES;
				GCC_WARN_ABOUT_RETURN_TYPE = YES_ERROR;
				GCC_WARN_UNDECLARED_SELECTOR = YES;
				GCC_WARN_UNINITIALIZED_AUTOS = YES_AGGRESSIVE;
				GCC_WARN_UNUSED_FUNCTION = YES;
				GCC_WARN_UNUSED_VARIABLE = YES;
				IPHONEOS_DEPLOYMENT_TARGET = 15.2;
				MTL_ENABLE_DEBUG_INFO = NO;
				MTL_FAST_MATH = YES;
				SDKROOT = iphoneos;
				SWIFT_COMPILATION_MODE = wholemodule;
				SWIFT_OPTIMIZATION_LEVEL = "-O";
				VALIDATE_PRODUCT = YES;
			};
			name = Release;
		};
		0434133929503EBC009B8E3D /* Debug */ = {
			isa = XCBuildConfiguration;
			buildSettings = {
				ASSETCATALOG_COMPILER_APPICON_NAME = AppIcon;
				ASSETCATALOG_COMPILER_GLOBAL_ACCENT_COLOR_NAME = AccentColor;
				CODE_SIGN_STYLE = Automatic;
				CURRENT_PROJECT_VERSION = 1;
				DEVELOPMENT_ASSET_PATHS = "\"Shopping/Preview Content\"";
				ENABLE_PREVIEWS = YES;
				GENERATE_INFOPLIST_FILE = YES;
				INFOPLIST_KEY_UIApplicationSceneManifest_Generation = YES;
				INFOPLIST_KEY_UIApplicationSupportsIndirectInputEvents = YES;
				INFOPLIST_KEY_UILaunchScreen_Generation = YES;
				INFOPLIST_KEY_UISupportedInterfaceOrientations_iPad = "UIInterfaceOrientationPortrait UIInterfaceOrientationPortraitUpsideDown UIInterfaceOrientationLandscapeLeft UIInterfaceOrientationLandscapeRight";
				INFOPLIST_KEY_UISupportedInterfaceOrientations_iPhone = "UIInterfaceOrientationPortrait UIInterfaceOrientationLandscapeLeft UIInterfaceOrientationLandscapeRight";
				LD_RUNPATH_SEARCH_PATHS = (
					"$(inherited)",
					"@executable_path/Frameworks",
				);
				MARKETING_VERSION = 1.0;
				PRODUCT_BUNDLE_IDENTIFIER = rt.Shopping;
				PRODUCT_NAME = "$(TARGET_NAME)";
				SWIFT_EMIT_LOC_STRINGS = YES;
				SWIFT_VERSION = 5.0;
				TARGETED_DEVICE_FAMILY = "1,2";
			};
			name = Debug;
		};
		0434133A29503EBC009B8E3D /* Release */ = {
			isa = XCBuildConfiguration;
			buildSettings = {
				ASSETCATALOG_COMPILER_APPICON_NAME = AppIcon;
				ASSETCATALOG_COMPILER_GLOBAL_ACCENT_COLOR_NAME = AccentColor;
				CODE_SIGN_STYLE = Automatic;
				CURRENT_PROJECT_VERSION = 1;
				DEVELOPMENT_ASSET_PATHS = "\"Shopping/Preview Content\"";
				ENABLE_PREVIEWS = YES;
				GENERATE_INFOPLIST_FILE = YES;
				INFOPLIST_KEY_UIApplicationSceneManifest_Generation = YES;
				INFOPLIST_KEY_UIApplicationSupportsIndirectInputEvents = YES;
				INFOPLIST_KEY_UILaunchScreen_Generation = YES;
				INFOPLIST_KEY_UISupportedInterfaceOrientations_iPad = "UIInterfaceOrientationPortrait UIInterfaceOrientationPortraitUpsideDown UIInterfaceOrientationLandscapeLeft UIInterfaceOrientationLandscapeRight";
				INFOPLIST_KEY_UISupportedInterfaceOrientations_iPhone = "UIInterfaceOrientationPortrait UIInterfaceOrientationLandscapeLeft UIInterfaceOrientationLandscapeRight";
				LD_RUNPATH_SEARCH_PATHS = (
					"$(inherited)",
					"@executable_path/Frameworks",
				);
				MARKETING_VERSION = 1.0;
				PRODUCT_BUNDLE_IDENTIFIER = rt.Shopping;
				PRODUCT_NAME = "$(TARGET_NAME)";
				SWIFT_EMIT_LOC_STRINGS = YES;
				SWIFT_VERSION = 5.0;
				TARGETED_DEVICE_FAMILY = "1,2";
			};
			name = Release;
		};
/* End XCBuildConfiguration section */

/* Begin XCConfigurationList section */
		0434132529503EBB009B8E3D /* Build configuration list for PBXProject "Shopping" */ = {
			isa = XCConfigurationList;
			buildConfigurations = (
				0434133629503EBC009B8E3D /* Debug */,
				0434133729503EBC009B8E3D /* Release */,
			);
			defaultConfigurationIsVisible = 0;
			defaultConfigurationName = Release;
		};
		0434133829503EBC009B8E3D /* Build configuration list for PBXNativeTarget "Shopping" */ = {
			isa = XCConfigurationList;
			buildConfigurations = (
				0434133929503EBC009B8E3D /* Debug */,
				0434133A29503EBC009B8E3D /* Release */,
			);
			defaultConfigurationIsVisible = 0;
			defaultConfigurationName = Release;
		};
/* End XCConfigurationList section */
	};
	rootObject = 0434132229503EBB009B8E3D /* Project object */;
}
